// !$*UTF8*$!
{
	archiveVersion = 1;
	classes = {
	};
	objectVersion = 50;
	objects = {

/* Begin PBXBuildFile section */
		5E0F4CB8219F183000BA9B6C /* FoodTableViewController.swift in Sources */ = {isa = PBXBuildFile; fileRef = 5E0F4CB7219F183000BA9B6C /* FoodTableViewController.swift */; };
		5E0F4CBA219F187400BA9B6C /* Meal.swift in Sources */ = {isa = PBXBuildFile; fileRef = 5E0F4CB9219F187400BA9B6C /* Meal.swift */; };
		5E0F4CBC219F188500BA9B6C /* Food.swift in Sources */ = {isa = PBXBuildFile; fileRef = 5E0F4CBB219F188500BA9B6C /* Food.swift */; };
		5E871AEC219F16D3001867C5 /* AppDelegate.swift in Sources */ = {isa = PBXBuildFile; fileRef = 5E871AEB219F16D3001867C5 /* AppDelegate.swift */; };
		5E871AF1219F16D3001867C5 /* Main.storyboard in Resources */ = {isa = PBXBuildFile; fileRef = 5E871AEF219F16D3001867C5 /* Main.storyboard */; };
		5E871AF3219F16D5001867C5 /* Assets.xcassets in Resources */ = {isa = PBXBuildFile; fileRef = 5E871AF2219F16D5001867C5 /* Assets.xcassets */; };
		5E871AF6219F16D5001867C5 /* LaunchScreen.storyboard in Resources */ = {isa = PBXBuildFile; fileRef = 5E871AF4219F16D5001867C5 /* LaunchScreen.storyboard */; };
		5E871B01219F16D5001867C5 /* Meal_TrackerTests.swift in Sources */ = {isa = PBXBuildFile; fileRef = 5E871B00219F16D5001867C5 /* Meal_TrackerTests.swift */; };
		5E871B0C219F16D5001867C5 /* Meal_TrackerUITests.swift in Sources */ = {isa = PBXBuildFile; fileRef = 5E871B0B219F16D5001867C5 /* Meal_TrackerUITests.swift */; };
/* End PBXBuildFile section */

/* Begin PBXContainerItemProxy section */
		5E871AFD219F16D5001867C5 /* PBXContainerItemProxy */ = {
			isa = PBXContainerItemProxy;
			containerPortal = 5E871AE0219F16D3001867C5 /* Project object */;
			proxyType = 1;
			remoteGlobalIDString = 5E871AE7219F16D3001867C5;
			remoteInfo = "Meal Tracker";
		};
		5E871B08219F16D5001867C5 /* PBXContainerItemProxy */ = {
			isa = PBXContainerItemProxy;
			containerPortal = 5E871AE0219F16D3001867C5 /* Project object */;
			proxyType = 1;
			remoteGlobalIDString = 5E871AE7219F16D3001867C5;
			remoteInfo = "Meal Tracker";
		};
/* End PBXContainerItemProxy section */

/* Begin PBXFileReference section */
		5E0F4CB7219F183000BA9B6C /* FoodTableViewController.swift */ = {isa = PBXFileReference; lastKnownFileType = sourcecode.swift; path = FoodTableViewController.swift; sourceTree = "<group>"; };
		5E0F4CB9219F187400BA9B6C /* Meal.swift */ = {isa = PBXFileReference; lastKnownFileType = sourcecode.swift; path = Meal.swift; sourceTree = "<group>"; };
		5E0F4CBB219F188500BA9B6C /* Food.swift */ = {isa = PBXFileReference; lastKnownFileType = sourcecode.swift; path = Food.swift; sourceTree = "<group>"; };
		5E871AE8219F16D3001867C5 /* Meal Tracker.app */ = {isa = PBXFileReference; explicitFileType = wrapper.application; includeInIndex = 0; path = "Meal Tracker.app"; sourceTree = BUILT_PRODUCTS_DIR; };
		5E871AEB219F16D3001867C5 /* AppDelegate.swift */ = {isa = PBXFileReference; lastKnownFileType = sourcecode.swift; path = AppDelegate.swift; sourceTree = "<group>"; };
		5E871AF0219F16D3001867C5 /* Base */ = {isa = PBXFileReference; lastKnownFileType = file.storyboard; name = Base; path = Base.lproj/Main.storyboard; sourceTree = "<group>"; };
		5E871AF2219F16D5001867C5 /* Assets.xcassets */ = {isa = PBXFileReference; lastKnownFileType = folder.assetcatalog; path = Assets.xcassets; sourceTree = "<group>"; };
		5E871AF5219F16D5001867C5 /* Base */ = {isa = PBXFileReference; lastKnownFileType = file.storyboard; name = Base; path = Base.lproj/LaunchScreen.storyboard; sourceTree = "<group>"; };
		5E871AF7219F16D5001867C5 /* Info.plist */ = {isa = PBXFileReference; lastKnownFileType = text.plist.xml; path = Info.plist; sourceTree = "<group>"; };
		5E871AFC219F16D5001867C5 /* Meal TrackerTests.xctest */ = {isa = PBXFileReference; explicitFileType = wrapper.cfbundle; includeInIndex = 0; path = "Meal TrackerTests.xctest"; sourceTree = BUILT_PRODUCTS_DIR; };
		5E871B00219F16D5001867C5 /* Meal_TrackerTests.swift */ = {isa = PBXFileReference; lastKnownFileType = sourcecode.swift; path = Meal_TrackerTests.swift; sourceTree = "<group>"; };
		5E871B02219F16D5001867C5 /* Info.plist */ = {isa = PBXFileReference; lastKnownFileType = text.plist.xml; path = Info.plist; sourceTree = "<group>"; };
		5E871B07219F16D5001867C5 /* Meal TrackerUITests.xctest */ = {isa = PBXFileReference; explicitFileType = wrapper.cfbundle; includeInIndex = 0; path = "Meal TrackerUITests.xctest"; sourceTree = BUILT_PRODUCTS_DIR; };
		5E871B0B219F16D5001867C5 /* Meal_TrackerUITests.swift */ = {isa = PBXFileReference; lastKnownFileType = sourcecode.swift; path = Meal_TrackerUITests.swift; sourceTree = "<group>"; };
		5E871B0D219F16D5001867C5 /* Info.plist */ = {isa = PBXFileReference; lastKnownFileType = text.plist.xml; path = Info.plist; sourceTree = "<group>"; };
/* End PBXFileReference section */

/* Begin PBXFrameworksBuildPhase section */
		5E871AE5219F16D3001867C5 /* Frameworks */ = {
			isa = PBXFrameworksBuildPhase;
			buildActionMask = 2147483647;
			files = (
			);
			runOnlyForDeploymentPostprocessing = 0;
		};
		5E871AF9219F16D5001867C5 /* Frameworks */ = {
			isa = PBXFrameworksBuildPhase;
			buildActionMask = 2147483647;
			files = (
			);
			runOnlyForDeploymentPostprocessing = 0;
		};
		5E871B04219F16D5001867C5 /* Frameworks */ = {
			isa = PBXFrameworksBuildPhase;
			buildActionMask = 2147483647;
			files = (
			);
			runOnlyForDeploymentPostprocessing = 0;
		};
/* End PBXFrameworksBuildPhase section */

/* Begin PBXGroup section */
		5E871ADF219F16D2001867C5 = {
			isa = PBXGroup;
			children = (
				5E871AEA219F16D3001867C5 /* Meal Tracker */,
				5E871AFF219F16D5001867C5 /* Meal TrackerTests */,
				5E871B0A219F16D5001867C5 /* Meal TrackerUITests */,
				5E871AE9219F16D3001867C5 /* Products */,
			);
			sourceTree = "<group>";
		};
		5E871AE9219F16D3001867C5 /* Products */ = {
			isa = PBXGroup;
			children = (
				5E871AE8219F16D3001867C5 /* Meal Tracker.app */,
				5E871AFC219F16D5001867C5 /* Meal TrackerTests.xctest */,
				5E871B07219F16D5001867C5 /* Meal TrackerUITests.xctest */,
			);
			name = Products;
			sourceTree = "<group>";
		};
		5E871AEA219F16D3001867C5 /* Meal Tracker */ = {
			isa = PBXGroup;
			children = (
				5E871AEB219F16D3001867C5 /* AppDelegate.swift */,
				5E871AEF219F16D3001867C5 /* Main.storyboard */,
				5E0F4CB7219F183000BA9B6C /* FoodTableViewController.swift */,
				5E0F4CB9219F187400BA9B6C /* Meal.swift */,
				5E0F4CBB219F188500BA9B6C /* Food.swift */,
				5E871AF2219F16D5001867C5 /* Assets.xcassets */,
				5E871AF4219F16D5001867C5 /* LaunchScreen.storyboard */,
				5E871AF7219F16D5001867C5 /* Info.plist */,
			);
			path = "Meal Tracker";
			sourceTree = "<group>";
		};
		5E871AFF219F16D5001867C5 /* Meal TrackerTests */ = {
			isa = PBXGroup;
			children = (
				5E871B00219F16D5001867C5 /* Meal_TrackerTests.swift */,
				5E871B02219F16D5001867C5 /* Info.plist */,
			);
			path = "Meal TrackerTests";
			sourceTree = "<group>";
		};
		5E871B0A219F16D5001867C5 /* Meal TrackerUITests */ = {
			isa = PBXGroup;
			children = (
				5E871B0B219F16D5001867C5 /* Meal_TrackerUITests.swift */,
				5E871B0D219F16D5001867C5 /* Info.plist */,
			);
			path = "Meal TrackerUITests";
			sourceTree = "<group>";
		};
/* End PBXGroup section */

/* Begin PBXNativeTarget section */
		5E871AE7219F16D3001867C5 /* Meal Tracker */ = {
			isa = PBXNativeTarget;
			buildConfigurationList = 5E871B10219F16D5001867C5 /* Build configuration list for PBXNativeTarget "Meal Tracker" */;
			buildPhases = (
				5E871AE4219F16D3001867C5 /* Sources */,
				5E871AE5219F16D3001867C5 /* Frameworks */,
				5E871AE6219F16D3001867C5 /* Resources */,
			);
			buildRules = (
			);
			dependencies = (
			);
			name = "Meal Tracker";
			productName = "Meal Tracker";
			productReference = 5E871AE8219F16D3001867C5 /* Meal Tracker.app */;
			productType = "com.apple.product-type.application";
		};
		5E871AFB219F16D5001867C5 /* Meal TrackerTests */ = {
			isa = PBXNativeTarget;
			buildConfigurationList = 5E871B13219F16D5001867C5 /* Build configuration list for PBXNativeTarget "Meal TrackerTests" */;
			buildPhases = (
				5E871AF8219F16D5001867C5 /* Sources */,
				5E871AF9219F16D5001867C5 /* Frameworks */,
				5E871AFA219F16D5001867C5 /* Resources */,
			);
			buildRules = (
			);
			dependencies = (
				5E871AFE219F16D5001867C5 /* PBXTargetDependency */,
			);
			name = "Meal TrackerTests";
			productName = "Meal TrackerTests";
			productReference = 5E871AFC219F16D5001867C5 /* Meal TrackerTests.xctest */;
			productType = "com.apple.product-type.bundle.unit-test";
		};
		5E871B06219F16D5001867C5 /* Meal TrackerUITests */ = {
			isa = PBXNativeTarget;
			buildConfigurationList = 5E871B16219F16D5001867C5 /* Build configuration list for PBXNativeTarget "Meal TrackerUITests" */;
			buildPhases = (
				5E871B03219F16D5001867C5 /* Sources */,
				5E871B04219F16D5001867C5 /* Frameworks */,
				5E871B05219F16D5001867C5 /* Resources */,
			);
			buildRules = (
			);
			dependencies = (
				5E871B09219F16D5001867C5 /* PBXTargetDependency */,
			);
			name = "Meal TrackerUITests";
			productName = "Meal TrackerUITests";
			productReference = 5E871B07219F16D5001867C5 /* Meal TrackerUITests.xctest */;
			productType = "com.apple.product-type.bundle.ui-testing";
		};
/* End PBXNativeTarget section */

/* Begin PBXProject section */
		5E871AE0219F16D3001867C5 /* Project object */ = {
			isa = PBXProject;
			attributes = {
				LastSwiftUpdateCheck = 1010;
				LastUpgradeCheck = 1010;
				ORGANIZATIONNAME = "Joe Eagar";
				TargetAttributes = {
					5E871AE7219F16D3001867C5 = {
						CreatedOnToolsVersion = 10.1;
					};
					5E871AFB219F16D5001867C5 = {
						CreatedOnToolsVersion = 10.1;
						TestTargetID = 5E871AE7219F16D3001867C5;
					};
					5E871B06219F16D5001867C5 = {
						CreatedOnToolsVersion = 10.1;
						TestTargetID = 5E871AE7219F16D3001867C5;
					};
				};
			};
			buildConfigurationList = 5E871AE3219F16D3001867C5 /* Build configuration list for PBXProject "Meal Tracker" */;
			compatibilityVersion = "Xcode 9.3";
			developmentRegion = en;
			hasScannedForEncodings = 0;
			knownRegions = (
				en,
				Base,
			);
			mainGroup = 5E871ADF219F16D2001867C5;
			productRefGroup = 5E871AE9219F16D3001867C5 /* Products */;
			projectDirPath = "";
			projectRoot = "";
			targets = (
				5E871AE7219F16D3001867C5 /* Meal Tracker */,
				5E871AFB219F16D5001867C5 /* Meal TrackerTests */,
				5E871B06219F16D5001867C5 /* Meal TrackerUITests */,
			);
		};
/* End PBXProject section */

/* Begin PBXResourcesBuildPhase section */
		5E871AE6219F16D3001867C5 /* Resources */ = {
			isa = PBXResourcesBuildPhase;
			buildActionMask = 2147483647;
			files = (
				5E871AF6219F16D5001867C5 /* LaunchScreen.storyboard in Resources */,
				5E871AF3219F16D5001867C5 /* Assets.xcassets in Resources */,
				5E871AF1219F16D3001867C5 /* Main.storyboard in Resources */,
			);
			runOnlyForDeploymentPostprocessing = 0;
		};
		5E871AFA219F16D5001867C5 /* Resources */ = {
			isa = PBXResourcesBuildPhase;
			buildActionMask = 2147483647;
			files = (
			);
			runOnlyForDeploymentPostprocessing = 0;
		};
		5E871B05219F16D5001867C5 /* Resources */ = {
			isa = PBXResourcesBuildPhase;
			buildActionMask = 2147483647;
			files = (
			);
			runOnlyForDeploymentPostprocessing = 0;
		};
/* End PBXResourcesBuildPhase section */

/* Begin PBXSourcesBuildPhase section */
		5E871AE4219F16D3001867C5 /* Sources */ = {
			isa = PBXSourcesBuildPhase;
			buildActionMask = 2147483647;
			files = (
				5E871AEC219F16D3001867C5 /* AppDelegate.swift in Sources */,
				5E0F4CBC219F188500BA9B6C /* Food.swift in Sources */,
				5E0F4CBA219F187400BA9B6C /* Meal.swift in Sources */,
				5E0F4CB8219F183000BA9B6C /* FoodTableViewController.swift in Sources */,
			);
			runOnlyForDeploymentPostprocessing = 0;
		};
		5E871AF8219F16D5001867C5 /* Sources */ = {
			isa = PBXSourcesBuildPhase;
			buildActionMask = 2147483647;
			files = (
				5E871B01219F16D5001867C5 /* Meal_TrackerTests.swift in Sources */,
			);
			runOnlyForDeploymentPostprocessing = 0;
		};
		5E871B03219F16D5001867C5 /* Sources */ = {
			isa = PBXSourcesBuildPhase;
			buildActionMask = 2147483647;
			files = (
				5E871B0C219F16D5001867C5 /* Meal_TrackerUITests.swift in Sources */,
			);
			runOnlyForDeploymentPostprocessing = 0;
		};
/* End PBXSourcesBuildPhase section */

/* Begin PBXTargetDependency section */
		5E871AFE219F16D5001867C5 /* PBXTargetDependency */ = {
			isa = PBXTargetDependency;
			target = 5E871AE7219F16D3001867C5 /* Meal Tracker */;
			targetProxy = 5E871AFD219F16D5001867C5 /* PBXContainerItemProxy */;
		};
		5E871B09219F16D5001867C5 /* PBXTargetDependency */ = {
			isa = PBXTargetDependency;
			target = 5E871AE7219F16D3001867C5 /* Meal Tracker */;
			targetProxy = 5E871B08219F16D5001867C5 /* PBXContainerItemProxy */;
		};
/* End PBXTargetDependency section */

/* Begin PBXVariantGroup section */
		5E871AEF219F16D3001867C5 /* Main.storyboard */ = {
			isa = PBXVariantGroup;
			children = (
				5E871AF0219F16D3001867C5 /* Base */,
			);
			name = Main.storyboard;
			sourceTree = "<group>";
		};
		5E871AF4219F16D5001867C5 /* LaunchScreen.storyboard */ = {
			isa = PBXVariantGroup;
			children = (
				5E871AF5219F16D5001867C5 /* Base */,
			);
			name = LaunchScreen.storyboard;
			sourceTree = "<group>";
		};
/* End PBXVariantGroup section */

/* Begin XCBuildConfiguration section */
		5E871B0E219F16D5001867C5 /* Debug */ = {
			isa = XCBuildConfiguration;
			buildSettings = {
				ALWAYS_SEARCH_USER_PATHS = NO;
				CLANG_ANALYZER_NONNULL = YES;
				CLANG_ANALYZER_NUMBER_OBJECT_CONVERSION = YES_AGGRESSIVE;
				CLANG_CXX_LANGUAGE_STANDARD = "gnu++14";
				CLANG_CXX_LIBRARY = "libc++";
				CLANG_ENABLE_MODULES = YES;
				CLANG_ENABLE_OBJC_ARC = YES;
				CLANG_ENABLE_OBJC_WEAK = YES;
				CLANG_WARN_BLOCK_CAPTURE_AUTORELEASING = YES;
				CLANG_WARN_BOOL_CONVERSION = YES;
				CLANG_WARN_COMMA = YES;
				CLANG_WARN_CONSTANT_CONVERSION = YES;
				CLANG_WARN_DEPRECATED_OBJC_IMPLEMENTATIONS = YES;
				CLANG_WARN_DIRECT_OBJC_ISA_USAGE = YES_ERROR;
				CLANG_WARN_DOCUMENTATION_COMMENTS = YES;
				CLANG_WARN_EMPTY_BODY = YES;
				CLANG_WARN_ENUM_CONVERSION = YES;
				CLANG_WARN_INFINITE_RECURSION = YES;
				CLANG_WARN_INT_CONVERSION = YES;
				CLANG_WARN_NON_LITERAL_NULL_CONVERSION = YES;
				CLANG_WARN_OBJC_IMPLICIT_RETAIN_SELF = YES;
				CLANG_WARN_OBJC_LITERAL_CONVERSION = YES;
				CLANG_WARN_OBJC_ROOT_CLASS = YES_ERROR;
				CLANG_WARN_RANGE_LOOP_ANALYSIS = YES;
				CLANG_WARN_STRICT_PROTOTYPES = YES;
				CLANG_WARN_SUSPICIOUS_MOVE = YES;
				CLANG_WARN_UNGUARDED_AVAILABILITY = YES_AGGRESSIVE;
				CLANG_WARN_UNREACHABLE_CODE = YES;
				CLANG_WARN__DUPLICATE_METHOD_MATCH = YES;
				CODE_SIGN_IDENTITY = "iPhone Developer";
				COPY_PHASE_STRIP = NO;
				DEBUG_INFORMATION_FORMAT = dwarf;
				ENABLE_STRICT_OBJC_MSGSEND = YES;
				ENABLE_TESTABILITY = YES;
				GCC_C_LANGUAGE_STANDARD = gnu11;
				GCC_DYNAMIC_NO_PIC = NO;
				GCC_NO_COMMON_BLOCKS = YES;
				GCC_OPTIMIZATION_LEVEL = 0;
				GCC_PREPROCESSOR_DEFINITIONS = (
					"DEBUG=1",
					"$(inherited)",
				);
				GCC_WARN_64_TO_32_BIT_CONVERSION = YES;
				GCC_WARN_ABOUT_RETURN_TYPE = YES_ERROR;
				GCC_WARN_UNDECLARED_SELECTOR = YES;
				GCC_WARN_UNINITIALIZED_AUTOS = YES_AGGRESSIVE;
				GCC_WARN_UNUSED_FUNCTION = YES;
				GCC_WARN_UNUSED_VARIABLE = YES;
				IPHONEOS_DEPLOYMENT_TARGET = 12.1;
				MTL_ENABLE_DEBUG_INFO = INCLUDE_SOURCE;
				MTL_FAST_MATH = YES;
				ONLY_ACTIVE_ARCH = YES;
				SDKROOT = iphoneos;
				SWIFT_ACTIVE_COMPILATION_CONDITIONS = DEBUG;
				SWIFT_OPTIMIZATION_LEVEL = "-Onone";
			};
			name = Debug;
		};
		5E871B0F219F16D5001867C5 /* Release */ = {
			isa = XCBuildConfiguration;
			buildSettings = {
				ALWAYS_SEARCH_USER_PATHS = NO;
				CLANG_ANALYZER_NONNULL = YES;
				CLANG_ANALYZER_NUMBER_OBJECT_CONVERSION = YES_AGGRESSIVE;
				CLANG_CXX_LANGUAGE_STANDARD = "gnu++14";
				CLANG_CXX_LIBRARY = "libc++";
				CLANG_ENABLE_MODULES = YES;
				CLANG_ENABLE_OBJC_ARC = YES;
				CLANG_ENABLE_OBJC_WEAK = YES;
				CLANG_WARN_BLOCK_CAPTURE_AUTORELEASING = YES;
				CLANG_WARN_BOOL_CONVERSION = YES;
				CLANG_WARN_COMMA = YES;
				CLANG_WARN_CONSTANT_CONVERSION = YES;
				CLANG_WARN_DEPRECATED_OBJC_IMPLEMENTATIONS = YES;
				CLANG_WARN_DIRECT_OBJC_ISA_USAGE = YES_ERROR;
				CLANG_WARN_DOCUMENTATION_COMMENTS = YES;
				CLANG_WARN_EMPTY_BODY = YES;
				CLANG_WARN_ENUM_CONVERSION = YES;
				CLANG_WARN_INFINITE_RECURSION = YES;
				CLANG_WARN_INT_CONVERSION = YES;
				CLANG_WARN_NON_LITERAL_NULL_CONVERSION = YES;
				CLANG_WARN_OBJC_IMPLICIT_RETAIN_SELF = YES;
				CLANG_WARN_OBJC_LITERAL_CONVERSION = YES;
				CLANG_WARN_OBJC_ROOT_CLASS = YES_ERROR;
				CLANG_WARN_RANGE_LOOP_ANALYSIS = YES;
				CLANG_WARN_STRICT_PROTOTYPES = YES;
				CLANG_WARN_SUSPICIOUS_MOVE = YES;
				CLANG_WARN_UNGUARDED_AVAILABILITY = YES_AGGRESSIVE;
				CLANG_WARN_UNREACHABLE_CODE = YES;
				CLANG_WARN__DUPLICATE_METHOD_MATCH = YES;
				CODE_SIGN_IDENTITY = "iPhone Developer";
				COPY_PHASE_STRIP = NO;
				DEBUG_INFORMATION_FORMAT = "dwarf-with-dsym";
				ENABLE_NS_ASSERTIONS = NO;
				ENABLE_STRICT_OBJC_MSGSEND = YES;
				GCC_C_LANGUAGE_STANDARD = gnu11;
				GCC_NO_COMMON_BLOCKS = YES;
				GCC_WARN_64_TO_32_BIT_CONVERSION = YES;
				GCC_WARN_ABOUT_RETURN_TYPE = YES_ERROR;
				GCC_WARN_UNDECLARED_SELECTOR = YES;
				GCC_WARN_UNINITIALIZED_AUTOS = YES_AGGRESSIVE;
				GCC_WARN_UNUSED_FUNCTION = YES;
				GCC_WARN_UNUSED_VARIABLE = YES;
				IPHONEOS_DEPLOYMENT_TARGET = 12.1;
				MTL_ENABLE_DEBUG_INFO = NO;
				MTL_FAST_MATH = YES;
				SDKROOT = iphoneos;
				SWIFT_COMPILATION_MODE = wholemodule;
				SWIFT_OPTIMIZATION_LEVEL = "-O";
				VALIDATE_PRODUCT = YES;
			};
			name = Release;
		};
		5E871B11219F16D5001867C5 /* Debug */ = {
			isa = XCBuildConfiguration;
			buildSettings = {
				ASSETCATALOG_COMPILER_APPICON_NAME = AppIcon;
				CODE_SIGN_STYLE = Automatic;
				INFOPLIST_FILE = "Meal Tracker/Info.plist";
				LD_RUNPATH_SEARCH_PATHS = (
					"$(inherited)",
					"@executable_path/Frameworks",
				);
				PRODUCT_BUNDLE_IDENTIFIER = "Joescomp.Meal-Tracker";
				PRODUCT_NAME = "$(TARGET_NAME)";
				SWIFT_VERSION = 4.2;
				TARGETED_DEVICE_FAMILY = "1,2";
			};
			name = Debug;
		};
		5E871B12219F16D5001867C5 /* Release */ = {
			isa = XCBuildConfiguration;
			buildSettings = {
				ASSETCATALOG_COMPILER_APPICON_NAME = AppIcon;
				CODE_SIGN_STYLE = Automatic;
				INFOPLIST_FILE = "Meal Tracker/Info.plist";
				LD_RUNPATH_SEARCH_PATHS = (
					"$(inherited)",
					"@executable_path/Frameworks",
				);
				PRODUCT_BUNDLE_IDENTIFIER = "Joescomp.Meal-Tracker";
				PRODUCT_NAME = "$(TARGET_NAME)";
				SWIFT_VERSION = 4.2;
				TARGETED_DEVICE_FAMILY = "1,2";
			};
			name = Release;
		};
		5E871B14219F16D5001867C5 /* Debug */ = {
			isa = XCBuildConfiguration;
			buildSettings = {
				ALWAYS_EMBED_SWIFT_STANDARD_LIBRARIES = YES;
				BUNDLE_LOADER = "$(TEST_HOST)";
				CODE_SIGN_STYLE = Automatic;
				INFOPLIST_FILE = "Meal TrackerTests/Info.plist";
				LD_RUNPATH_SEARCH_PATHS = (
					"$(inherited)",
					"@executable_path/Frameworks",
					"@loader_path/Frameworks",
				);
				PRODUCT_BUNDLE_IDENTIFIER = "Joescomp.Meal-TrackerTests";
				PRODUCT_NAME = "$(TARGET_NAME)";
				SWIFT_VERSION = 4.2;
				TARGETED_DEVICE_FAMILY = "1,2";
				TEST_HOST = "$(BUILT_PRODUCTS_DIR)/Meal Tracker.app/Meal Tracker";
			};
			name = Debug;
		};
		5E871B15219F16D5001867C5 /* Release */ = {
			isa = XCBuildConfiguration;
			buildSettings = {
				ALWAYS_EMBED_SWIFT_STANDARD_LIBRARIES = YES;
				BUNDLE_LOADER = "$(TEST_HOST)";
				CODE_SIGN_STYLE = Automatic;
				INFOPLIST_FILE = "Meal TrackerTests/Info.plist";
				LD_RUNPATH_SEARCH_PATHS = (
					"$(inherited)",
					"@executable_path/Frameworks",
					"@loader_path/Frameworks",
				);
				PRODUCT_BUNDLE_IDENTIFIER = "Joescomp.Meal-TrackerTests";
				PRODUCT_NAME = "$(TARGET_NAME)";
				SWIFT_VERSION = 4.2;
				TARGETED_DEVICE_FAMILY = "1,2";
				TEST_HOST = "$(BUILT_PRODUCTS_DIR)/Meal Tracker.app/Meal Tracker";
			};
			name = Release;
		};
		5E871B17219F16D5001867C5 /* Debug */ = {
			isa = XCBuildConfiguration;
			buildSettings = {
				ALWAYS_EMBED_SWIFT_STANDARD_LIBRARIES = YES;
				CODE_SIGN_STYLE = Automatic;
				INFOPLIST_FILE = "Meal TrackerUITests/Info.plist";
				LD_RUNPATH_SEARCH_PATHS = (
					"$(inherited)",
					"@executable_path/Frameworks",
					"@loader_path/Frameworks",
				);
				PRODUCT_BUNDLE_IDENTIFIER = "Joescomp.Meal-TrackerUITests";
				PRODUCT_NAME = "$(TARGET_NAME)";
				SWIFT_VERSION = 4.2;
				TARGETED_DEVICE_FAMILY = "1,2";
				TEST_TARGET_NAME = "Meal Tracker";
			};
			name = Debug;
		};
		5E871B18219F16D5001867C5 /* Release */ = {
			isa = XCBuildConfiguration;
			buildSettings = {
				ALWAYS_EMBED_SWIFT_STANDARD_LIBRARIES = YES;
				CODE_SIGN_STYLE = Automatic;
				INFOPLIST_FILE = "Meal TrackerUITests/Info.plist";
				LD_RUNPATH_SEARCH_PATHS = (
					"$(inherited)",
					"@executable_path/Frameworks",
					"@loader_path/Frameworks",
				);
				PRODUCT_BUNDLE_IDENTIFIER = "Joescomp.Meal-TrackerUITests";
				PRODUCT_NAME = "$(TARGET_NAME)";
				SWIFT_VERSION = 4.2;
				TARGETED_DEVICE_FAMILY = "1,2";
				TEST_TARGET_NAME = "Meal Tracker";
			};
			name = Release;
		};
/* End XCBuildConfiguration section */

/* Begin XCConfigurationList section */
		5E871AE3219F16D3001867C5 /* Build configuration list for PBXProject "Meal Tracker" */ = {
			isa = XCConfigurationList;
			buildConfigurations = (
				5E871B0E219F16D5001867C5 /* Debug */,
				5E871B0F219F16D5001867C5 /* Release */,
			);
			defaultConfigurationIsVisible = 0;
			defaultConfigurationName = Release;
		};
		5E871B10219F16D5001867C5 /* Build configuration list for PBXNativeTarget "Meal Tracker" */ = {
			isa = XCConfigurationList;
			buildConfigurations = (
				5E871B11219F16D5001867C5 /* Debug */,
				5E871B12219F16D5001867C5 /* Release */,
			);
			defaultConfigurationIsVisible = 0;
			defaultConfigurationName = Release;
		};
		5E871B13219F16D5001867C5 /* Build configuration list for PBXNativeTarget "Meal TrackerTests" */ = {
			isa = XCConfigurationList;
			buildConfigurations = (
				5E871B14219F16D5001867C5 /* Debug */,
				5E871B15219F16D5001867C5 /* Release */,
			);
			defaultConfigurationIsVisible = 0;
			defaultConfigurationName = Release;
		};
		5E871B16219F16D5001867C5 /* Build configuration list for PBXNativeTarget "Meal TrackerUITests" */ = {
			isa = XCConfigurationList;
			buildConfigurations = (
				5E871B17219F16D5001867C5 /* Debug */,
				5E871B18219F16D5001867C5 /* Release */,
			);
			defaultConfigurationIsVisible = 0;
			defaultConfigurationName = Release;
		};
/* End XCConfigurationList section */
	};
	rootObject = 5E871AE0219F16D3001867C5 /* Project object */;
}
